<?xml version="1.0" encoding="utf-8"?>
<Project ToolsVersion="4.0" xmlns="http://schemas.microsoft.com/developer/msbuild/2003">
  <ItemGroup>
    <Filter Include="Source Files">
      <UniqueIdentifier>{4FC737F1-C7A5-4376-A066-2A32D752A2FF}</UniqueIdentifier>
      <Extensions>cpp;c;cc;cxx;def;odl;idl;hpj;bat;asm;asmx</Extensions>
    </Filter>
    <Filter Include="Header Files">
      <UniqueIdentifier>{93995380-89BD-4b04-88EB-625FBE52EBFB}</UniqueIdentifier>
      <Extensions>h;hpp;hxx;hm;inl;inc;xsd</Extensions>
    </Filter>
    <Filter Include="Resource Files">
      <UniqueIdentifier>{67DA6AB6-F800-4c08-8B7A-83BB121AAD01}</UniqueIdentifier>
      <Extensions>rc;ico;cur;bmp;dlg;rc2;rct;bin;rgs;gif;jpg;jpeg;jpe;resx;tiff;tif;png;wav</Extensions>
    </Filter>
    <Filter Include="Blocks">
      <UniqueIdentifier>{E932C848-C93B-4860-A6FC-40CDE56C5E1B}</UniqueIdentifier>
    </Filter>
    <Filter Include="Blocks\ImGui">
      <UniqueIdentifier>{D140254D-7E64-4EDB-8315-4C1717984CFF}</UniqueIdentifier>
    </Filter>
    <Filter Include="Blocks\ImGui\include">
      <UniqueIdentifier>{768460A6-3D2D-40CE-876A-EF85320D7B90}</UniqueIdentifier>
    </Filter>
    <Filter Include="Blocks\ImGui\lib">
      <UniqueIdentifier>{BADD9925-C38D-4106-9EF6-8712A8D79C47}</UniqueIdentifier>
    </Filter>
    <Filter Include="Blocks\ImGui\lib\imgui">
      <UniqueIdentifier>{51E852AA-C771-4A79-AF32-5F8AF128D355}</UniqueIdentifier>
    </Filter>
    <Filter Include="Blocks\ImGui\src">
      <UniqueIdentifier>{BE7009D4-9B7F-4989-B649-9C424E619208}</UniqueIdentifier>
    </Filter>
    <Filter Include="Source Files\view">
      <UniqueIdentifier>{cb015e38-f332-48dd-b789-75b92600b198}</UniqueIdentifier>
    </Filter>
    <Filter Include="Source Files\utils">
      <UniqueIdentifier>{a945034a-e2ef-4bb7-99b8-a90982fefb36}</UniqueIdentifier>
    </Filter>
    <Filter Include="Source Files\core">
      <UniqueIdentifier>{70c8c40e-05aa-45cb-ac6e-691456a9c11b}</UniqueIdentifier>
    </Filter>
    <Filter Include="Source Files\gui">
      <UniqueIdentifier>{bce9f3b0-cb66-4d4b-847c-7116b7b76135}</UniqueIdentifier>
    </Filter>
    <Filter Include="shaders">
      <UniqueIdentifier>{bc411297-a1a2-4a7d-b1dc-fbd393547d6f}</UniqueIdentifier>
    </Filter>
    <Filter Include="Source Files\motorLog">
      <UniqueIdentifier>{0fe23ca0-4e3c-48c0-aadb-89729a60331e}</UniqueIdentifier>
    </Filter>
    <Filter Include="Source Files\core\math">
      <UniqueIdentifier>{e07ea943-09f8-49c4-825f-e7dcfcc8a914}</UniqueIdentifier>
    </Filter>
  </ItemGroup>
  <ItemGroup>
    <ClCompile Include="..\src\InsectRobotSimulationApp.cpp">
      <Filter>Source Files</Filter>
    </ClCompile>
    <ClCompile Include="..\src\InsectRobotSimulationApp.cpp">
      <Filter>Source Files</Filter>
    </ClCompile>
    <ClInclude Include="..\include\Resources.h">
      <Filter>Header Files</Filter>
    </ClInclude>
    <ClInclude Include="..\..\..\cinder_master\blocks\Cinder-ImGui\include\CinderImGui.h">
      <Filter>Blocks\ImGui\include</Filter>
    </ClInclude>
    <ClInclude Include="..\..\..\cinder_master\blocks\Cinder-ImGui\lib\imgui\imconfig.h">
      <Filter>Blocks\ImGui\lib\imgui</Filter>
    </ClInclude>
    <ClInclude Include="..\..\..\cinder_master\blocks\Cinder-ImGui\lib\imgui\imgui.h">
      <Filter>Blocks\ImGui\lib\imgui</Filter>
    </ClInclude>
    <ClInclude Include="..\..\..\cinder_master\blocks\Cinder-ImGui\lib\imgui\imgui_internal.h">
      <Filter>Blocks\ImGui\lib\imgui</Filter>
    </ClInclude>
    <ClCompile Include="..\..\..\cinder_master\blocks\Cinder-ImGui\src\CinderImGui.cpp">
      <Filter>Blocks\ImGui\src</Filter>
    </ClCompile>
    <ClCompile Include="..\..\..\cinder_master\blocks\Cinder-ImGui\lib\imgui\imgui.cpp">
      <Filter>Blocks\ImGui\lib\imgui</Filter>
    </ClCompile>
    <ClCompile Include="..\..\..\cinder_master\blocks\Cinder-ImGui\lib\imgui\imgui_draw.cpp">
      <Filter>Blocks\ImGui\lib\imgui</Filter>
    </ClCompile>
    <ClCompile Include="..\..\..\cinder_master\blocks\Cinder-ImGui\lib\imgui\imgui_demo.cpp">
      <Filter>Blocks\ImGui\lib\imgui</Filter>
    </ClCompile>
    <ClCompile Include="..\..\..\cinder_master\blocks\Cinder-ImGui\lib\imgui\imgui_widgets.cpp">
      <Filter>Blocks\ImGui\lib\imgui</Filter>
    </ClCompile>
    <ClCompile Include="..\src\DebugRenderer.cpp">
      <Filter>Source Files\view</Filter>
    </ClCompile>
    <ClCompile Include="..\src\Leg.cpp">
      <Filter>Source Files\view</Filter>
    </ClCompile>
    <ClCompile Include="..\src\Mesh.cpp">
      <Filter>Source Files\view</Filter>
    </ClCompile>
    <ClCompile Include="..\src\MeshPool.cpp">
      <Filter>Source Files\view</Filter>
    </ClCompile>
    <ClCompile Include="..\src\Node.cpp">
      <Filter>Source Files\view</Filter>
    </ClCompile>
    <ClCompile Include="..\src\ModelControlGiu.cpp">
      <Filter>Source Files\gui</Filter>
    </ClCompile>
    <ClCompile Include="..\src\ModelConfigGui.cpp">
      <Filter>Source Files\gui</Filter>
    </ClCompile>
    <ClCompile Include="..\src\ModelRenderer.cpp">
      <Filter>Source Files\view</Filter>
    </ClCompile>
    <ClCompile Include="..\Arduino\libraries\InsectRobot\Matrix44.cpp">
      <Filter>Source Files\core\math</Filter>
    </ClCompile>
    <ClCompile Include="..\Arduino\libraries\InsectRobot\Vector3.cpp">
      <Filter>Source Files\core\math</Filter>
    </ClCompile>
    <ClCompile Include="..\src\Convertions.cpp">
      <Filter>Source Files\utils</Filter>
    </ClCompile>
  </ItemGroup>
  <ItemGroup>
    <ClInclude Include="..\include\Resources.h">
      <Filter>Header Files</Filter>
    </ClInclude>
    <ClInclude Include="..\src\DebugRenderer.h">
      <Filter>Source Files\view</Filter>
    </ClInclude>
    <ClInclude Include="..\src\Leg.h">
      <Filter>Source Files\view</Filter>
    </ClInclude>
    <ClInclude Include="..\src\Mesh.h">
      <Filter>Source Files\view</Filter>
    </ClInclude>
    <ClInclude Include="..\src\MeshPool.h">
      <Filter>Source Files\view</Filter>
    </ClInclude>
    <ClInclude Include="..\src\Node.h">
      <Filter>Source Files\view</Filter>
    </ClInclude>
    <ClInclude Include="..\src\Singleton.h">
      <Filter>Source Files\utils</Filter>
    </ClInclude>
    <ClInclude Include="..\src\ModelControlGui.h">
      <Filter>Source Files\gui</Filter>
    </ClInclude>
    <ClInclude Include="..\src\ModelConfigGui.h">
      <Filter>Source Files\gui</Filter>
    </ClInclude>
    <ClInclude Include="..\src\ModelRenderer.h">
      <Filter>Source Files\view</Filter>
    </ClInclude>
    <ClInclude Include="..\src\MotorData.h">
      <Filter>Source Files\motorLog</Filter>
    </ClInclude>
    <ClInclude Include="..\Arduino\libraries\InsectRobot\Model.h">
      <Filter>Source Files\core</Filter>
    </ClInclude>
    <ClInclude Include="..\Arduino\libraries\InsectRobot\ModelConfig.h">
      <Filter>Source Files\core</Filter>
    </ClInclude>
    <ClInclude Include="..\Arduino\libraries\InsectRobot\ModelControl.h">
      <Filter>Source Files\core</Filter>
    </ClInclude>
    <ClInclude Include="..\Arduino\libraries\InsectRobot\ModelLeg.h">
      <Filter>Source Files\core</Filter>
    </ClInclude>
    <ClInclude Include="..\Arduino\libraries\InsectRobot\Vector2.h">
      <Filter>Source Files\core\math</Filter>
    </ClInclude>
    <ClInclude Include="..\Arduino\libraries\InsectRobot\Vector3.h">
      <Filter>Source Files\core\math</Filter>
    </ClInclude>
    <ClInclude Include="..\Arduino\libraries\InsectRobot\Vector4.h">
      <Filter>Source Files\core\math</Filter>
    </ClInclude>
    <ClInclude Include="..\Arduino\libraries\InsectRobot\Matrix44.h">
      <Filter>Source Files\core\math</Filter>
    </ClInclude>
    <ClInclude Include="..\src\Convertions.h">
      <Filter>Source Files\utils</Filter>
    </ClInclude>
  </ItemGroup>
  <ItemGroup>
    <ResourceCompile Include="Resources.rc">
      <Filter>Resource Files</Filter>
    </ResourceCompile>
  </ItemGroup>
  <ItemGroup>
    <None Include="..\assets\shadow_shader.frag">
      <Filter>shaders</Filter>
    </None>
    <None Include="..\assets\shadow_shader.vert">
      <Filter>shaders</Filter>
    </None>
    <None Include="..\assets\shadow_shader_floor.frag">
      <Filter>shaders</Filter>
    </None>
    <None Include="..\assets\shadow_shader_floor.vert">
      <Filter>shaders</Filter>
    </None>
  </ItemGroup>
</Project>